// !$*UTF8*$!
{
	archiveVersion = 1;
	classes = {
	};
	objectVersion = 46;
	objects = {

/* Begin PBXBuildFile section */
		14BDADA91C91FD8C006BA510 /* AppDelegate.swift in Sources */ = {isa = PBXBuildFile; fileRef = 14BDADA81C91FD8C006BA510 /* AppDelegate.swift */; };
		14BDADAB1C91FD8C006BA510 /* ViewController.swift in Sources */ = {isa = PBXBuildFile; fileRef = 14BDADAA1C91FD8C006BA510 /* ViewController.swift */; };
		14BDADAE1C91FD8C006BA510 /* Main.storyboard in Resources */ = {isa = PBXBuildFile; fileRef = 14BDADAC1C91FD8C006BA510 /* Main.storyboard */; };
		14BDADB01C91FD8C006BA510 /* Assets.xcassets in Resources */ = {isa = PBXBuildFile; fileRef = 14BDADAF1C91FD8C006BA510 /* Assets.xcassets */; };
		14BDADB31C91FD8C006BA510 /* LaunchScreen.storyboard in Resources */ = {isa = PBXBuildFile; fileRef = 14BDADB11C91FD8C006BA510 /* LaunchScreen.storyboard */; };
		14BDADBB1C91FDD2006BA510 /* fingers.jpg in Resources */ = {isa = PBXBuildFile; fileRef = 14BDADBA1C91FDD2006BA510 /* fingers.jpg */; };
		14C732FB1C921FDC0064A25F /* fingers-ico58x58.png in Resources */ = {isa = PBXBuildFile; fileRef = 14C732FA1C921FDC0064A25F /* fingers-ico58x58.png */; };
		14C732FD1C921FE10064A25F /* fingers-ico87x87.png in Resources */ = {isa = PBXBuildFile; fileRef = 14C732FC1C921FE10064A25F /* fingers-ico87x87.png */; };
/* End PBXBuildFile section */

/* Begin PBXFileReference section */
		14BDADA51C91FD8C006BA510 /* HowManyFingers.app */ = {isa = PBXFileReference; explicitFileType = wrapper.application; includeInIndex = 0; path = HowManyFingers.app; sourceTree = BUILT_PRODUCTS_DIR; };
		14BDADA81C91FD8C006BA510 /* AppDelegate.swift */ = {isa = PBXFileReference; lastKnownFileType = sourcecode.swift; path = AppDelegate.swift; sourceTree = "<group>"; };
		14BDADAA1C91FD8C006BA510 /* ViewController.swift */ = {isa = PBXFileReference; lastKnownFileType = sourcecode.swift; path = ViewController.swift; sourceTree = "<group>"; };
		14BDADAD1C91FD8C006BA510 /* Base */ = {isa = PBXFileReference; lastKnownFileType = file.storyboard; name = Base; path = Base.lproj/Main.storyboard; sourceTree = "<group>"; };
		14BDADAF1C91FD8C006BA510 /* Assets.xcassets */ = {isa = PBXFileReference; lastKnownFileType = folder.assetcatalog; path = Assets.xcassets; sourceTree = "<group>"; };
		14BDADB21C91FD8C006BA510 /* Base */ = {isa = PBXFileReference; lastKnownFileType = file.storyboard; name = Base; path = Base.lproj/LaunchScreen.storyboard; sourceTree = "<group>"; };
		14BDADB41C91FD8C006BA510 /* Info.plist */ = {isa = PBXFileReference; lastKnownFileType = text.plist.xml; path = Info.plist; sourceTree = "<group>"; };
		14BDADBA1C91FDD2006BA510 /* fingers.jpg */ = {isa = PBXFileReference; lastKnownFileType = image.jpeg; path = fingers.jpg; sourceTree = "<group>"; };
		14C732FA1C921FDC0064A25F /* fingers-ico58x58.png */ = {isa = PBXFileReference; lastKnownFileType = image.png; path = "fingers-ico58x58.png"; sourceTree = "<group>"; };
		14C732FC1C921FE10064A25F /* fingers-ico87x87.png */ = {isa = PBXFileReference; lastKnownFileType = image.png; path = "fingers-ico87x87.png"; sourceTree = "<group>"; };
/* End PBXFileReference section */

/* Begin PBXFrameworksBuildPhase section */
		14BDADA21C91FD8C006BA510 /* Frameworks */ = {
			isa = PBXFrameworksBuildPhase;
			buildActionMask = 2147483647;
			files = (
			);
			runOnlyForDeploymentPostprocessing = 0;
		};
/* End PBXFrameworksBuildPhase section */

/* Begin PBXGroup section */
		14BDAD9C1C91FD8C006BA510 = {
			isa = PBXGroup;
			children = (
				14BDADA71C91FD8C006BA510 /* HowManyFingers */,
				14BDADA61C91FD8C006BA510 /* Products */,
			);
			sourceTree = "<group>";
		};
		14BDADA61C91FD8C006BA510 /* Products */ = {
			isa = PBXGroup;
			children = (
				14BDADA51C91FD8C006BA510 /* HowManyFingers.app */,
			);
			name = Products;
			sourceTree = "<group>";
		};
		14BDADA71C91FD8C006BA510 /* HowManyFingers */ = {
			isa = PBXGroup;
			children = (
				14BDADBA1C91FDD2006BA510 /* fingers.jpg */,
				14C732FA1C921FDC0064A25F /* fingers-ico58x58.png */,
				14C732FC1C921FE10064A25F /* fingers-ico87x87.png */,
				14BDADA81C91FD8C006BA510 /* AppDelegate.swift */,
				14BDADAA1C91FD8C006BA510 /* ViewController.swift */,
				14BDADAC1C91FD8C006BA510 /* Main.storyboard */,
				14BDADAF1C91FD8C006BA510 /* Assets.xcassets */,
				14BDADB11C91FD8C006BA510 /* LaunchScreen.storyboard */,
				14BDADB41C91FD8C006BA510 /* Info.plist */,
			);
			path = HowManyFingers;
			sourceTree = "<group>";
		};
/* End PBXGroup section */

/* Begin PBXNativeTarget section */
		14BDADA41C91FD8C006BA510 /* HowManyFingers */ = {
			isa = PBXNativeTarget;
			buildConfigurationList = 14BDADB71C91FD8C006BA510 /* Build configuration list for PBXNativeTarget "HowManyFingers" */;
			buildPhases = (
				14BDADA11C91FD8C006BA510 /* Sources */,
				14BDADA21C91FD8C006BA510 /* Frameworks */,
				14BDADA31C91FD8C006BA510 /* Resources */,
			);
			buildRules = (
			);
			dependencies = (
			);
			name = HowManyFingers;
			productName = HowManyFingers;
			productReference = 14BDADA51C91FD8C006BA510 /* HowManyFingers.app */;
			productType = "com.apple.product-type.application";
		};
/* End PBXNativeTarget section */

/* Begin PBXProject section */
		14BDAD9D1C91FD8C006BA510 /* Project object */ = {
			isa = PBXProject;
			attributes = {
				LastSwiftUpdateCheck = 0720;
				LastUpgradeCheck = 0720;
				ORGANIZATIONNAME = SeanDaniel.com;
				TargetAttributes = {
					14BDADA41C91FD8C006BA510 = {
						CreatedOnToolsVersion = 7.2.1;
						DevelopmentTeam = F25H7976MM;
					};
				};
			};
			buildConfigurationList = 14BDADA01C91FD8C006BA510 /* Build configuration list for PBXProject "HowManyFingers" */;
			compatibilityVersion = "Xcode 3.2";
			developmentRegion = English;
			hasScannedForEncodings = 0;
			knownRegions = (
				en,
				Base,
			);
			mainGroup = 14BDAD9C1C91FD8C006BA510;
			productRefGroup = 14BDADA61C91FD8C006BA510 /* Products */;
			projectDirPath = "";
			projectRoot = "";
			targets = (
				14BDADA41C91FD8C006BA510 /* HowManyFingers */,
			);
		};
/* End PBXProject section */

/* Begin PBXResourcesBuildPhase section */
		14BDADA31C91FD8C006BA510 /* Resources */ = {
			isa = PBXResourcesBuildPhase;
			buildActionMask = 2147483647;
			files = (
				14C732FB1C921FDC0064A25F /* fingers-ico58x58.png in Resources */,
				14BDADBB1C91FDD2006BA510 /* fingers.jpg in Resources */,
				14BDADB31C91FD8C006BA510 /* LaunchScreen.storyboard in Resources */,
				14BDADB01C91FD8C006BA510 /* Assets.xcassets in Resources */,
				14BDADAE1C91FD8C006BA510 /* Main.storyboard in Resources */,
				14C732FD1C921FE10064A25F /* fingers-ico87x87.png in Resources */,
			);
			runOnlyForDeploymentPostprocessing = 0;
		};
/* End PBXResourcesBuildPhase section */

/* Begin PBXSourcesBuildPhase section */
		14BDADA11C91FD8C006BA510 /* Sources */ = {
			isa = PBXSourcesBuildPhase;
			buildActionMask = 2147483647;
			files = (
				14BDADAB1C91FD8C006BA510 /* ViewController.swift in Sources */,
				14BDADA91C91FD8C006BA510 /* AppDelegate.swift in Sources */,
			);
			runOnlyForDeploymentPostprocessing = 0;
		};
/* End PBXSourcesBuildPhase section */

/* Begin PBXVariantGroup section */
		14BDADAC1C91FD8C006BA510 /* Main.storyboard */ = {
			isa = PBXVariantGroup;
			children = (
				14BDADAD1C91FD8C006BA510 /* Base */,
			);
			name = Main.storyboard;
			sourceTree = "<group>";
		};
		14BDADB11C91FD8C006BA510 /* LaunchScreen.storyboard */ = {
			isa = PBXVariantGroup;
			children = (
				14BDADB21C91FD8C006BA510 /* Base */,
			);
			name = LaunchScreen.storyboard;
			sourceTree = "<group>";
		};
/* End PBXVariantGroup section */

/* Begin XCBuildConfiguration section */
		14BDADB51C91FD8C006BA510 /* Debug */ = {
			isa = XCBuildConfiguration;
			buildSettings = {
				ALWAYS_SEARCH_USER_PATHS = NO;
				CLANG_CXX_LANGUAGE_STANDARD = "gnu++0x";
				CLANG_CXX_LIBRARY = "libc++";
				CLANG_ENABLE_MODULES = YES;
				CLANG_ENABLE_OBJC_ARC = YES;
				CLANG_WARN_BOOL_CONVERSION = YES;
				CLANG_WARN_CONSTANT_CONVERSION = YES;
				CLANG_WARN_DIRECT_OBJC_ISA_USAGE = YES_ERROR;
				CLANG_WARN_EMPTY_BODY = YES;
				CLANG_WARN_ENUM_CONVERSION = YES;
				CLANG_WARN_INT_CONVERSION = YES;
				CLANG_WARN_OBJC_ROOT_CLASS = YES_ERROR;
				CLANG_WARN_UNREACHABLE_CODE = YES;
				CLANG_WARN__DUPLICATE_METHOD_MATCH = YES;
				"CODE_SIGN_IDENTITY[sdk=iphoneos*]" = "iPhone Developer";
				COPY_PHASE_STRIP = NO;
				DEBUG_INFORMATION_FORMAT = dwarf;
				ENABLE_STRICT_OBJC_MSGSEND = YES;
				ENABLE_TESTABILITY = YES;
				GCC_C_LANGUAGE_STANDARD = gnu99;
				GCC_DYNAMIC_NO_PIC = NO;
				GCC_NO_COMMON_BLOCKS = YES;
				GCC_OPTIMIZATION_LEVEL = 0;
				GCC_PREPROCESSOR_DEFINITIONS = (
					"DEBUG=1",
					"$(inherited)",
				);
				GCC_WARN_64_TO_32_BIT_CONVERSION = YES;
				GCC_WARN_ABOUT_RETURN_TYPE = YES_ERROR;
				GCC_WARN_UNDECLARED_SELECTOR = YES;
				GCC_WARN_UNINITIALIZED_AUTOS = YES_AGGRESSIVE;
				GCC_WARN_UNUSED_FUNCTION = YES;
				GCC_WARN_UNUSED_VARIABLE = YES;
				IPHONEOS_DEPLOYMENT_TARGET = 9.2;
				MTL_ENABLE_DEBUG_INFO = YES;
				ONLY_ACTIVE_ARCH = YES;
				SDKROOT = iphoneos;
				SWIFT_OPTIMIZATION_LEVEL = "-Onone";
			};
			name = Debug;
		};
		14BDADB61C91FD8C006BA510 /* Release */ = {
			isa = XCBuildConfiguration;
			buildSettings = {
				ALWAYS_SEARCH_USER_PATHS = NO;
				CLANG_CXX_LANGUAGE_STANDARD = "gnu++0x";
				CLANG_CXX_LIBRARY = "libc++";
				CLANG_ENABLE_MODULES = YES;
				CLANG_ENABLE_OBJC_ARC = YES;
				CLANG_WARN_BOOL_CONVERSION = YES;
				CLANG_WARN_CONSTANT_CONVERSION = YES;
				CLANG_WARN_DIRECT_OBJC_ISA_USAGE = YES_ERROR;
				CLANG_WARN_EMPTY_BODY = YES;
				CLANG_WARN_ENUM_CONVERSION = YES;
				CLANG_WARN_INT_CONVERSION = YES;
				CLANG_WARN_OBJC_ROOT_CLASS = YES_ERROR;
				CLANG_WARN_UNREACHABLE_CODE = YES;
				CLANG_WARN__DUPLICATE_METHOD_MATCH = YES;
				"CODE_SIGN_IDENTITY[sdk=iphoneos*]" = "iPhone Developer";
				COPY_PHASE_STRIP = NO;
				DEBUG_INFORMATION_FORMAT = "dwarf-with-dsym";
				ENABLE_NS_ASSERTIONS = NO;
				ENABLE_STRICT_OBJC_MSGSEND = YES;
				GCC_C_LANGUAGE_STANDARD = gnu99;
				GCC_NO_COMMON_BLOCKS = YES;
				GCC_WARN_64_TO_32_BIT_CONVERSION = YES;
				GCC_WARN_ABOUT_RETURN_TYPE = YES_ERROR;
				GCC_WARN_UNDECLARED_SELECTOR = YES;
				GCC_WARN_UNINITIALIZED_AUTOS = YES_AGGRESSIVE;
				GCC_WARN_UNUSED_FUNCTION = YES;
				GCC_WARN_UNUSED_VARIABLE = YES;
				IPHONEOS_DEPLOYMENT_TARGET = 9.2;
				MTL_ENABLE_DEBUG_INFO = NO;
				SDKROOT = iphoneos;
				VALIDATE_PRODUCT = YES;
			};
			name = Release;
		};
		14BDADB81C91FD8C006BA510 /* Debug */ = {
			isa = XCBuildConfiguration;
			buildSettings = {
				ASSETCATALOG_COMPILER_APPICON_NAME = AppIcon;
				CODE_SIGN_IDENTITY = "iPhone Developer";
				"CODE_SIGN_IDENTITY[sdk=iphoneos*]" = "iPhone Developer";
				INFOPLIST_FILE = HowManyFingers/Info.plist;
				LD_RUNPATH_SEARCH_PATHS = "$(inherited) @executable_path/Frameworks";
				PRODUCT_BUNDLE_IDENTIFIER = com.seandaniel.HowManyFingers;
				PRODUCT_NAME = "$(TARGET_NAME)";
				PROVISIONING_PROFILE = "";
			};
			name = Debug;
		};
		14BDADB91C91FD8C006BA510 /* Release */ = {
			isa = XCBuildConfiguration;
			buildSettings = {
				ASSETCATALOG_COMPILER_APPICON_NAME = AppIcon;
				CODE_SIGN_IDENTITY = "iPhone Developer";
				"CODE_SIGN_IDENTITY[sdk=iphoneos*]" = "iPhone Developer";
				INFOPLIST_FILE = HowManyFingers/Info.plist;
				LD_RUNPATH_SEARCH_PATHS = "$(inherited) @executable_path/Frameworks";
				PRODUCT_BUNDLE_IDENTIFIER = com.seandaniel.HowManyFingers;
				PRODUCT_NAME = "$(TARGET_NAME)";
				PROVISIONING_PROFILE = "";
			};
			name = Release;
		};
/* End XCBuildConfiguration section */

/* Begin XCConfigurationList section */
		14BDADA01C91FD8C006BA510 /* Build configuration list for PBXProject "HowManyFingers" */ = {
			isa = XCConfigurationList;
			buildConfigurations = (
				14BDADB51C91FD8C006BA510 /* Debug */,
				14BDADB61C91FD8C006BA510 /* Release */,
			);
			defaultConfigurationIsVisible = 0;
			defaultConfigurationName = Release;
		};
		14BDADB71C91FD8C006BA510 /* Build configuration list for PBXNativeTarget "HowManyFingers" */ = {
			isa = XCConfigurationList;
			buildConfigurations = (
				14BDADB81C91FD8C006BA510 /* Debug */,
				14BDADB91C91FD8C006BA510 /* Release */,
			);
			defaultConfigurationIsVisible = 0;
			defaultConfigurationName = Release;
		};
/* End XCConfigurationList section */
	};
	rootObject = 14BDAD9D1C91FD8C006BA510 /* Project object */;
}
